
Microsoft Visual Studio Solution File, Format Version 12.00
# Visual Studio Version 16
VisualStudioVersion = 16.0.31515.178
MinimumVisualStudioVersion = 10.0.40219.1
Project("{9A19103F-16F7-4668-BE54-9A1E7A4F7556}") = "ApiPemesanan", "ApiPemesanan.csproj", "{D2CA7939-9E21-4991-A8F3-569BBD0576C3}"
EndProject
Project("{9A19103F-16F7-4668-BE54-9A1E7A4F7556}") = "Pemesanan.Ui", "..\Pemesanan.Ui\Pemesanan.Ui.csproj", "{2B6D43D6-FF80-4634-A3CA-069F168A9194}"
EndProject
Global
	GlobalSection(SolutionConfigurationPlatforms) = preSolution
		Debug|Any CPU = Debug|Any CPU
		Release|Any CPU = Release|Any CPU
	EndGlobalSection
	GlobalSection(ProjectConfigurationPlatforms) = postSolution
		{D2CA7939-9E21-4991-A8F3-569BBD0576C3}.Debug|Any CPU.ActiveCfg = Debug|Any CPU
		{D2CA7939-9E21-4991-A8F3-569BBD0576C3}.Debug|Any CPU.Build.0 = Debug|Any CPU
		{D2CA7939-9E21-4991-A8F3-569BBD0576C3}.Release|Any CPU.ActiveCfg = Release|Any CPU
		{D2CA7939-9E21-4991-A8F3-569BBD0576C3}.Release|Any CPU.Build.0 = Release|Any CPU
		{2B6D43D6-FF80-4634-A3CA-069F168A9194}.Debug|Any CPU.ActiveCfg = Debug|Any CPU
		{2B6D43D6-FF80-4634-A3CA-069F168A9194}.Debug|Any CPU.Build.0 = Debug|Any CPU
		{2B6D43D6-FF80-4634-A3CA-069F168A9194}.Release|Any CPU.ActiveCfg = Release|Any CPU
		{2B6D43D6-FF80-4634-A3CA-069F168A9194}.Release|Any CPU.Build.0 = Release|Any CPU
	EndGlobalSection
	GlobalSection(SolutionProperties) = preSolution
		HideSolutionNode = FALSE
	EndGlobalSection
	GlobalSection(ExtensibilityGlobals) = postSolution
		SolutionGuid = {31CF5D84-1295-4E0E-8367-32AE5CFB1DA9}
	EndGlobalSection
EndGlobal
